# This file is automatically @generated by Cargo.
# It is not intended for manual editing.
version = 4

[[package]]
name = "atk-sys"
version = "0.7.0"
source = "registry+https://github.com/rust-lang/crates.io-index"
checksum = "c7017e53393e713212aed7aea336b6553be4927f58c37070a56c2fe3d107e489"
dependencies = [
 "glib-sys",
 "gobject-sys",
 "libc",
 "pkg-config",
]

[[package]]
name = "bitflags"
version = "1.0.4"
source = "registry+https://github.com/rust-lang/crates.io-index"
checksum = "228047a76f468627ca71776ecdebd732a3423081fcf5125585bcd7c49886ce12"

[[package]]
name = "cairo-rs"
version = "0.5.0"
source = "registry+https://github.com/rust-lang/crates.io-index"
checksum = "dd940f0d609699e343ef71c4af5f66423afbf30d666f796dabd8fd15229cf5b6"
dependencies = [
 "cairo-sys-rs",
 "glib",
 "glib-sys",
 "gobject-sys",
 "libc",
]

[[package]]
name = "cairo-sys-rs"
version = "0.7.0"
source = "registry+https://github.com/rust-lang/crates.io-index"
checksum = "d25596627380be4381247dba06c69ad05ca21b3b065bd9827e416882ac41dcd2"
dependencies = [
 "glib",
 "glib-sys",
 "gobject-sys",
 "libc",
 "pkg-config",
 "winapi",
]

[[package]]
name = "cc"
version = "1.0.25"
source = "registry+https://github.com/rust-lang/crates.io-index"
checksum = "f159dfd43363c4d08055a07703eb7a3406b0dac4d0584d96965a3262db3c9d16"

[[package]]
name = "fragile"
version = "0.3.0"
source = "registry+https://github.com/rust-lang/crates.io-index"
checksum = "05f8140122fa0d5dcb9fc8627cfce2b37cc1500f752636d46ea28bc26785c2f9"

[[package]]
name = "gdk"
version = "0.9.0"
source = "registry+https://github.com/rust-lang/crates.io-index"
checksum = "bcc52c7244046df9d959df87289f1fc5cca23f9f850bab0c967963e2ecb83a96"
dependencies = [
 "bitflags",
 "cairo-rs",
 "cairo-sys-rs",
 "gdk-pixbuf",
 "gdk-sys",
 "gio",
 "gio-sys",
 "glib",
 "glib-sys",
 "gobject-sys",
 "libc",
 "pango",
]

[[package]]
name = "gdk-pixbuf"
version = "0.5.0"
source = "registry+https://github.com/rust-lang/crates.io-index"
checksum = "bc3aa730cb4df3de5d9fed59f43afdf9e5fb2d3d10bfcbd04cec031435ce87f5"
dependencies = [
 "gdk-pixbuf-sys",
 "gio",
 "gio-sys",
 "glib",
 "glib-sys",
 "gobject-sys",
 "libc",
]

[[package]]
name = "gdk-pixbuf-sys"
version = "0.7.0"
source = "registry+https://github.com/rust-lang/crates.io-index"
checksum = "08284f16ce4d909b10d785a763ba190e222d2c1557b29908bf0a661e27a8ac3b"
dependencies = [
 "gio-sys",
 "glib-sys",
 "gobject-sys",
 "libc",
 "pkg-config",
]

[[package]]
name = "gdk-sys"
version = "0.7.0"
source = "registry+https://github.com/rust-lang/crates.io-index"
checksum = "108548ebf5329b551f2b97ab356908d14627905abb74b936c3372de1535aee81"
dependencies = [
 "cairo-sys-rs",
 "gdk-pixbuf-sys",
 "gio-sys",
 "glib-sys",
 "gobject-sys",
 "libc",
 "pango-sys",
 "pkg-config",
]

[[package]]
name = "gio"
version = "0.5.0"
source = "registry+https://github.com/rust-lang/crates.io-index"
checksum = "7aeedbcb85cc6a53f1928dbe6c015dc9a9b64a7e2fb7484d6f5d0d1d400e1db0"
dependencies = [
 "bitflags",
 "fragile",
 "gio-sys",
 "glib",
 "glib-sys",
 "gobject-sys",
 "lazy_static",
 "libc",
]

[[package]]
name = "gio-sys"
version = "0.7.0"
source = "registry+https://github.com/rust-lang/crates.io-index"
checksum = "6975ada29f7924dc1c90b30ed3b32d777805a275556c05e420da4fbdc22eb250"
dependencies = [
 "glib-sys",
 "gobject-sys",
 "libc",
 "pkg-config",
]

[[package]]
name = "glib"
version = "0.6.0"
source = "registry+https://github.com/rust-lang/crates.io-index"
checksum = "740f7fda8dde5f5e3944dabdb4a73ac6094a8a7fdf0af377468e98ca93733e61"
dependencies = [
 "bitflags",
 "glib-sys",
 "gobject-sys",
 "lazy_static",
 "libc",
]

[[package]]
name = "glib-sys"
version = "0.7.0"
source = "registry+https://github.com/rust-lang/crates.io-index"
checksum = "3573351e846caed9f11207b275cd67bc07f0c2c94fb628e5d7c92ca056c7882d"
dependencies = [
 "libc",
 "pkg-config",
]

[[package]]
name = "gobject-sys"
version = "0.7.0"
source = "registry+https://github.com/rust-lang/crates.io-index"
checksum = "08475e4a08f27e6e2287005950114735ed61cec2cb8c1187682a5aec8c69b715"
dependencies = [
 "glib-sys",
 "libc",
 "pkg-config",
]

[[package]]
name = "gtk"
version = "0.5.0"
source = "registry+https://github.com/rust-lang/crates.io-index"
checksum = "56a6b30f194f09a17bb7ffa95c3ecdb405abd3b75ff981f831b1f6d18fe115ff"
dependencies = [
 "bitflags",
 "cairo-rs",
 "cairo-sys-rs",
 "cc",
 "gdk",
 "gdk-pixbuf",
 "gdk-pixbuf-sys",
 "gdk-sys",
 "gio",
 "gio-sys",
 "glib",
 "glib-sys",
 "gobject-sys",
 "gtk-sys",
 "lazy_static",
 "libc",
 "pango",
]

[[package]]
name = "gtk-space-invaders"
version = "0.1.0"
dependencies = [
 "cairo-rs",
 "gdk",
 "gtk",
 "intel-8080-emu",
 "space-invaders-core",
]

[[package]]
name = "gtk-sys"
version = "0.7.0"
source = "registry+https://github.com/rust-lang/crates.io-index"
checksum = "d487d333a4b87072e6bf9f2e55befa0ebef01b9496c2e263c0f4a1ff3d6c04b1"
dependencies = [
 "atk-sys",
 "cairo-sys-rs",
 "gdk-pixbuf-sys",
 "gdk-sys",
 "gio-sys",
 "glib-sys",
 "gobject-sys",
 "libc",
 "pango-sys",
 "pkg-config",
]

[[package]]
name = "intel-8080-emu"
version = "0.1.1"
source = "registry+https://github.com/rust-lang/crates.io-index"
checksum = "da70880b0e9689b97d3b2cc2de2a530516d7cf3222b31fcfed701cfe1eacb0d6"

[[package]]
name = "lazy_static"
version = "1.1.0"
source = "registry+https://github.com/rust-lang/crates.io-index"
checksum = "ca488b89a5657b0a2ecd45b95609b3e848cf1755da332a0da46e2b2b1cb371a7"
dependencies = [
 "version_check",
]

[[package]]
name = "libc"
version = "0.2.43"
source = "registry+https://github.com/rust-lang/crates.io-index"
checksum = "76e3a3ef172f1a0b9a9ff0dd1491ae5e6c948b94479a3021819ba7d860c8645d"

[[package]]
name = "pango"
version = "0.5.0"
source = "registry+https://github.com/rust-lang/crates.io-index"
checksum = "4c2cb169402a3eb1ba034a7cc7d95b8b1c106e9be5ba4be79a5a93dc1a2795f4"
dependencies = [
 "bitflags",
 "glib",
 "glib-sys",
 "gobject-sys",
 "lazy_static",
 "libc",
 "pango-sys",
]

[[package]]
name = "pango-sys"
version = "0.7.0"
source = "registry+https://github.com/rust-lang/crates.io-index"
checksum = "d6eb49268e69dd0c1da5d3001a61aac08e2e9d2bfbe4ae4b19b9963c998f6453"
dependencies = [
 "glib-sys",
 "gobject-sys",
 "libc",
 "pkg-config",
]

[[package]]
name = "pkg-config"
version = "0.3.14"
source = "registry+https://github.com/rust-lang/crates.io-index"
checksum = "676e8eb2b1b4c9043511a9b7bea0915320d7e502b0a079fb03f9635a5252b18c"

[[package]]
name = "space-invaders-core"
version = "0.1.0"
dependencies = [
 "intel-8080-emu",
]

[[package]]
name = "version_check"
version = "0.1.5"
source = "registry+https://github.com/rust-lang/crates.io-index"
checksum = "914b1a6776c4c929a602fafd8bc742e06365d4bcbe48c30f9cca5824f70dc9dd"

[[package]]
name = "winapi"
version = "0.3.6"
source = "registry+https://github.com/rust-lang/crates.io-index"
checksum = "92c1eb33641e276cfa214a0522acad57be5c56b10cb348b3c5117db75f3ac4b0"
dependencies = [
 "winapi-i686-pc-windows-gnu",
 "winapi-x86_64-pc-windows-gnu",
]

[[package]]
name = "winapi-i686-pc-windows-gnu"
version = "0.4.0"
source = "registry+https://github.com/rust-lang/crates.io-index"
checksum = "ac3b87c63620426dd9b991e5ce0329eff545bccbbb34f3be09ff6fb6ab51b7b6"

[[package]]
name = "winapi-x86_64-pc-windows-gnu"
version = "0.4.0"
source = "registry+https://github.com/rust-lang/crates.io-index"
checksum = "712e227841d057c1ee1cd2fb22fa7e5a5461ae8e48fa2ca79ec42cfc1931183f"
