# This file is automatically @generated by Cargo.
# It is not intended for manual editing.
version = 4

[[package]]
name = "intel-8080-emu"
version = "0.1.1"
source = "registry+https://github.com/rust-lang/crates.io-index"
checksum = "da70880b0e9689b97d3b2cc2de2a530516d7cf3222b31fcfed701cfe1eacb0d6"

[[package]]
name = "space-invaders-core"
version = "0.1.0"
dependencies = [
 "intel-8080-emu",
]
